
Microsoft Visual Studio Solution File, Format Version 12.00
# Visual Studio Version 17
VisualStudioVersion = 17.0.31903.59
MinimumVisualStudioVersion = 10.0.40219.1
Project("{9A19103F-16F7-4668-BE54-9A1E7A4F7556}") = "ScreenSound", "ScreenSound\ScreenSound.csproj", "{A9CCE41C-6657-42BF-AED4-F3F578033037}"
	ProjectSection(ProjectDependencies) = postProject
		{EE481CE5-07E7-4DF6-913D-AD2AD6638042} = {EE481CE5-07E7-4DF6-913D-AD2AD6638042}
	EndProjectSection
EndProject
Project("{9A19103F-16F7-4668-BE54-9A1E7A4F7556}") = "ScreenSoundAPI", "ScreenSoundAPI\ScreenSoundAPI.csproj", "{3E5D982C-1CE3-4233-BDDC-D34A133C9FF2}"
EndProject
Project("{9A19103F-16F7-4668-BE54-9A1E7A4F7556}") = "ScreenSound.Shared.Modelos", "ScreenSound.Shared.Modelos\ScreenSound.Shared.Modelos.csproj", "{597F07E3-C964-400B-9693-C1DAAFF7CFE6}"
EndProject
Project("{9A19103F-16F7-4668-BE54-9A1E7A4F7556}") = "ScreenSound.Shared.Dados", "ScreenSound.Shared.Dados\ScreenSound.Shared.Dados.csproj", "{EE481CE5-07E7-4DF6-913D-AD2AD6638042}"
EndProject
Project("{9A19103F-16F7-4668-BE54-9A1E7A4F7556}") = "ScreenSound.Web", "ScreenSound.Web\ScreenSound.Web.csproj", "{940EF6BD-91A3-4FE4-9A26-BEAD058E06C7}"
EndProject
Global
	GlobalSection(SolutionConfigurationPlatforms) = preSolution
		Debug|Any CPU = Debug|Any CPU
		Release|Any CPU = Release|Any CPU
	EndGlobalSection
	GlobalSection(ProjectConfigurationPlatforms) = postSolution
		{A9CCE41C-6657-42BF-AED4-F3F578033037}.Debug|Any CPU.ActiveCfg = Debug|Any CPU
		{A9CCE41C-6657-42BF-AED4-F3F578033037}.Debug|Any CPU.Build.0 = Debug|Any CPU
		{A9CCE41C-6657-42BF-AED4-F3F578033037}.Release|Any CPU.ActiveCfg = Release|Any CPU
		{A9CCE41C-6657-42BF-AED4-F3F578033037}.Release|Any CPU.Build.0 = Release|Any CPU
		{3E5D982C-1CE3-4233-BDDC-D34A133C9FF2}.Debug|Any CPU.ActiveCfg = Debug|Any CPU
		{3E5D982C-1CE3-4233-BDDC-D34A133C9FF2}.Debug|Any CPU.Build.0 = Debug|Any CPU
		{3E5D982C-1CE3-4233-BDDC-D34A133C9FF2}.Release|Any CPU.ActiveCfg = Release|Any CPU
		{3E5D982C-1CE3-4233-BDDC-D34A133C9FF2}.Release|Any CPU.Build.0 = Release|Any CPU
		{597F07E3-C964-400B-9693-C1DAAFF7CFE6}.Debug|Any CPU.ActiveCfg = Debug|Any CPU
		{597F07E3-C964-400B-9693-C1DAAFF7CFE6}.Debug|Any CPU.Build.0 = Debug|Any CPU
		{597F07E3-C964-400B-9693-C1DAAFF7CFE6}.Release|Any CPU.ActiveCfg = Release|Any CPU
		{597F07E3-C964-400B-9693-C1DAAFF7CFE6}.Release|Any CPU.Build.0 = Release|Any CPU
		{EE481CE5-07E7-4DF6-913D-AD2AD6638042}.Debug|Any CPU.ActiveCfg = Debug|Any CPU
		{EE481CE5-07E7-4DF6-913D-AD2AD6638042}.Debug|Any CPU.Build.0 = Debug|Any CPU
		{EE481CE5-07E7-4DF6-913D-AD2AD6638042}.Release|Any CPU.ActiveCfg = Release|Any CPU
		{EE481CE5-07E7-4DF6-913D-AD2AD6638042}.Release|Any CPU.Build.0 = Release|Any CPU
		{940EF6BD-91A3-4FE4-9A26-BEAD058E06C7}.Debug|Any CPU.ActiveCfg = Debug|Any CPU
		{940EF6BD-91A3-4FE4-9A26-BEAD058E06C7}.Debug|Any CPU.Build.0 = Debug|Any CPU
		{940EF6BD-91A3-4FE4-9A26-BEAD058E06C7}.Release|Any CPU.ActiveCfg = Release|Any CPU
		{940EF6BD-91A3-4FE4-9A26-BEAD058E06C7}.Release|Any CPU.Build.0 = Release|Any CPU
	EndGlobalSection
	GlobalSection(SolutionProperties) = preSolution
		HideSolutionNode = FALSE
	EndGlobalSection
	GlobalSection(ExtensibilityGlobals) = postSolution
		SolutionGuid = {CF16B80D-A1A7-48ED-9668-10A30176F48B}
	EndGlobalSection
EndGlobal
